// !$*UTF8*$!
{
	archiveVersion = 1;
	classes = {
	};
	objectVersion = 77;
	objects = {

/* Begin PBXBuildFile section */
		EC2EFDC32DD7393E00108E35 /* WidgetKit.framework in Frameworks */ = {isa = PBXBuildFile; fileRef = EC2EFDC22DD7393E00108E35 /* WidgetKit.framework */; };
		EC2EFDC52DD7393E00108E35 /* SwiftUI.framework in Frameworks */ = {isa = PBXBuildFile; fileRef = EC2EFDC42DD7393E00108E35 /* SwiftUI.framework */; };
		EC2EFDD62DD7393F00108E35 /* WidgetSeefood2Extension.appex in Embed Foundation Extensions */ = {isa = PBXBuildFile; fileRef = EC2EFDC02DD7393E00108E35 /* WidgetSeefood2Extension.appex */; settings = {ATTRIBUTES = (RemoveHeadersOnCopy, ); }; };
/* End PBXBuildFile section */

/* Begin PBXContainerItemProxy section */
		EC2E523D2DCB28DB00780C58 /* PBXContainerItemProxy */ = {
			isa = PBXContainerItemProxy;
			containerPortal = EC2E52242DCB28DA00780C58 /* Project object */;
			proxyType = 1;
			remoteGlobalIDString = EC2E522B2DCB28DA00780C58;
			remoteInfo = SeeFood2;
		};
		EC2E52472DCB28DB00780C58 /* PBXContainerItemProxy */ = {
			isa = PBXContainerItemProxy;
			containerPortal = EC2E52242DCB28DA00780C58 /* Project object */;
			proxyType = 1;
			remoteGlobalIDString = EC2E522B2DCB28DA00780C58;
			remoteInfo = SeeFood2;
		};
		EC2EFDD42DD7393F00108E35 /* PBXContainerItemProxy */ = {
			isa = PBXContainerItemProxy;
			containerPortal = EC2E52242DCB28DA00780C58 /* Project object */;
			proxyType = 1;
			remoteGlobalIDString = EC2EFDBF2DD7393E00108E35;
			remoteInfo = WidgetSeefood2Extension;
		};
/* End PBXContainerItemProxy section */

/* Begin PBXCopyFilesBuildPhase section */
		EC2EFDD72DD7393F00108E35 /* Embed Foundation Extensions */ = {
			isa = PBXCopyFilesBuildPhase;
			buildActionMask = 2147483647;
			dstPath = "";
			dstSubfolderSpec = 13;
			files = (
				EC2EFDD62DD7393F00108E35 /* WidgetSeefood2Extension.appex in Embed Foundation Extensions */,
			);
			name = "Embed Foundation Extensions";
			runOnlyForDeploymentPostprocessing = 0;
		};
/* End PBXCopyFilesBuildPhase section */

/* Begin PBXFileReference section */
		EC2E522C2DCB28DA00780C58 /* SeeFood2.app */ = {isa = PBXFileReference; explicitFileType = wrapper.application; includeInIndex = 0; path = SeeFood2.app; sourceTree = BUILT_PRODUCTS_DIR; };
		EC2E523C2DCB28DB00780C58 /* SeeFood2Tests.xctest */ = {isa = PBXFileReference; explicitFileType = wrapper.cfbundle; includeInIndex = 0; path = SeeFood2Tests.xctest; sourceTree = BUILT_PRODUCTS_DIR; };
		EC2E52462DCB28DB00780C58 /* SeeFood2UITests.xctest */ = {isa = PBXFileReference; explicitFileType = wrapper.cfbundle; includeInIndex = 0; path = SeeFood2UITests.xctest; sourceTree = BUILT_PRODUCTS_DIR; };
		EC2EFDC02DD7393E00108E35 /* WidgetSeefood2Extension.appex */ = {isa = PBXFileReference; explicitFileType = "wrapper.app-extension"; includeInIndex = 0; path = WidgetSeefood2Extension.appex; sourceTree = BUILT_PRODUCTS_DIR; };
		EC2EFDC22DD7393E00108E35 /* WidgetKit.framework */ = {isa = PBXFileReference; lastKnownFileType = wrapper.framework; name = WidgetKit.framework; path = System/Library/Frameworks/WidgetKit.framework; sourceTree = SDKROOT; };
		EC2EFDC42DD7393E00108E35 /* SwiftUI.framework */ = {isa = PBXFileReference; lastKnownFileType = wrapper.framework; name = SwiftUI.framework; path = System/Library/Frameworks/SwiftUI.framework; sourceTree = SDKROOT; };
/* End PBXFileReference section */

/* Begin PBXFileSystemSynchronizedBuildFileExceptionSet section */
		EC2EFDDA2DD7393F00108E35 /* Exceptions for "WidgetSeefood2" folder in "WidgetSeefood2Extension" target */ = {
			isa = PBXFileSystemSynchronizedBuildFileExceptionSet;
			membershipExceptions = (
				Info.plist,
			);
			target = EC2EFDBF2DD7393E00108E35 /* WidgetSeefood2Extension */;
		};
		EC2EFE362DD73F5D00108E35 /* Exceptions for "SeeFood2" folder in "WidgetSeefood2Extension" target */ = {
			isa = PBXFileSystemSynchronizedBuildFileExceptionSet;
			membershipExceptions = (
				Assets.xcassets,
			);
			target = EC2EFDBF2DD7393E00108E35 /* WidgetSeefood2Extension */;
		};
		EC2EFE382DD73F8200108E35 /* Exceptions for "WidgetSeefood2" folder in "SeeFood2" target */ = {
			isa = PBXFileSystemSynchronizedBuildFileExceptionSet;
			membershipExceptions = (
				Assets.xcassets,
			);
			target = EC2E522B2DCB28DA00780C58 /* SeeFood2 */;
		};
/* End PBXFileSystemSynchronizedBuildFileExceptionSet section */

/* Begin PBXFileSystemSynchronizedRootGroup section */
		EC2E522E2DCB28DA00780C58 /* SeeFood2 */ = {
			isa = PBXFileSystemSynchronizedRootGroup;
			exceptions = (
				EC2EFE362DD73F5D00108E35 /* Exceptions for "SeeFood2" folder in "WidgetSeefood2Extension" target */,
			);
			path = SeeFood2;
			sourceTree = "<group>";
		};
		EC2E523F2DCB28DB00780C58 /* SeeFood2Tests */ = {
			isa = PBXFileSystemSynchronizedRootGroup;
			path = SeeFood2Tests;
			sourceTree = "<group>";
		};
		EC2E52492DCB28DB00780C58 /* SeeFood2UITests */ = {
			isa = PBXFileSystemSynchronizedRootGroup;
			path = SeeFood2UITests;
			sourceTree = "<group>";
		};
		EC2EFDC62DD7393E00108E35 /* WidgetSeefood2 */ = {
			isa = PBXFileSystemSynchronizedRootGroup;
			exceptions = (
				EC2EFE382DD73F8200108E35 /* Exceptions for "WidgetSeefood2" folder in "SeeFood2" target */,
				EC2EFDDA2DD7393F00108E35 /* Exceptions for "WidgetSeefood2" folder in "WidgetSeefood2Extension" target */,
			);
			path = WidgetSeefood2;
			sourceTree = "<group>";
		};
/* End PBXFileSystemSynchronizedRootGroup section */

/* Begin PBXFrameworksBuildPhase section */
		EC2E52292DCB28DA00780C58 /* Frameworks */ = {
			isa = PBXFrameworksBuildPhase;
			buildActionMask = 2147483647;
			files = (
			);
			runOnlyForDeploymentPostprocessing = 0;
		};
		EC2E52392DCB28DB00780C58 /* Frameworks */ = {
			isa = PBXFrameworksBuildPhase;
			buildActionMask = 2147483647;
			files = (
			);
			runOnlyForDeploymentPostprocessing = 0;
		};
		EC2E52432DCB28DB00780C58 /* Frameworks */ = {
			isa = PBXFrameworksBuildPhase;
			buildActionMask = 2147483647;
			files = (
			);
			runOnlyForDeploymentPostprocessing = 0;
		};
		EC2EFDBD2DD7393E00108E35 /* Frameworks */ = {
			isa = PBXFrameworksBuildPhase;
			buildActionMask = 2147483647;
			files = (
				EC2EFDC52DD7393E00108E35 /* SwiftUI.framework in Frameworks */,
				EC2EFDC32DD7393E00108E35 /* WidgetKit.framework in Frameworks */,
			);
			runOnlyForDeploymentPostprocessing = 0;
		};
/* End PBXFrameworksBuildPhase section */

/* Begin PBXGroup section */
		EC2E52232DCB28DA00780C58 = {
			isa = PBXGroup;
			children = (
				EC2E522E2DCB28DA00780C58 /* SeeFood2 */,
				EC2E523F2DCB28DB00780C58 /* SeeFood2Tests */,
				EC2E52492DCB28DB00780C58 /* SeeFood2UITests */,
				EC2EFDC62DD7393E00108E35 /* WidgetSeefood2 */,
				EC2EFDC12DD7393E00108E35 /* Frameworks */,
				EC2E522D2DCB28DA00780C58 /* Products */,
			);
			sourceTree = "<group>";
		};
		EC2E522D2DCB28DA00780C58 /* Products */ = {
			isa = PBXGroup;
			children = (
				EC2E522C2DCB28DA00780C58 /* SeeFood2.app */,
				EC2E523C2DCB28DB00780C58 /* SeeFood2Tests.xctest */,
				EC2E52462DCB28DB00780C58 /* SeeFood2UITests.xctest */,
				EC2EFDC02DD7393E00108E35 /* WidgetSeefood2Extension.appex */,
			);
			name = Products;
			sourceTree = "<group>";
		};
		EC2EFDC12DD7393E00108E35 /* Frameworks */ = {
			isa = PBXGroup;
			children = (
				EC2EFDC22DD7393E00108E35 /* WidgetKit.framework */,
				EC2EFDC42DD7393E00108E35 /* SwiftUI.framework */,
			);
			name = Frameworks;
			sourceTree = "<group>";
		};
/* End PBXGroup section */

/* Begin PBXNativeTarget section */
		EC2E522B2DCB28DA00780C58 /* SeeFood2 */ = {
			isa = PBXNativeTarget;
			buildConfigurationList = EC2E52502DCB28DB00780C58 /* Build configuration list for PBXNativeTarget "SeeFood2" */;
			buildPhases = (
				EC2E52282DCB28DA00780C58 /* Sources */,
				EC2E52292DCB28DA00780C58 /* Frameworks */,
				EC2E522A2DCB28DA00780C58 /* Resources */,
				EC2EFDD72DD7393F00108E35 /* Embed Foundation Extensions */,
			);
			buildRules = (
			);
			dependencies = (
				EC2EFDD52DD7393F00108E35 /* PBXTargetDependency */,
			);
			fileSystemSynchronizedGroups = (
				EC2E522E2DCB28DA00780C58 /* SeeFood2 */,
			);
			name = SeeFood2;
			packageProductDependencies = (
			);
			productName = SeeFood2;
			productReference = EC2E522C2DCB28DA00780C58 /* SeeFood2.app */;
			productType = "com.apple.product-type.application";
		};
		EC2E523B2DCB28DB00780C58 /* SeeFood2Tests */ = {
			isa = PBXNativeTarget;
			buildConfigurationList = EC2E52532DCB28DB00780C58 /* Build configuration list for PBXNativeTarget "SeeFood2Tests" */;
			buildPhases = (
				EC2E52382DCB28DB00780C58 /* Sources */,
				EC2E52392DCB28DB00780C58 /* Frameworks */,
				EC2E523A2DCB28DB00780C58 /* Resources */,
			);
			buildRules = (
			);
			dependencies = (
				EC2E523E2DCB28DB00780C58 /* PBXTargetDependency */,
			);
			fileSystemSynchronizedGroups = (
				EC2E523F2DCB28DB00780C58 /* SeeFood2Tests */,
			);
			name = SeeFood2Tests;
			packageProductDependencies = (
			);
			productName = SeeFood2Tests;
			productReference = EC2E523C2DCB28DB00780C58 /* SeeFood2Tests.xctest */;
			productType = "com.apple.product-type.bundle.unit-test";
		};
		EC2E52452DCB28DB00780C58 /* SeeFood2UITests */ = {
			isa = PBXNativeTarget;
			buildConfigurationList = EC2E52562DCB28DB00780C58 /* Build configuration list for PBXNativeTarget "SeeFood2UITests" */;
			buildPhases = (
				EC2E52422DCB28DB00780C58 /* Sources */,
				EC2E52432DCB28DB00780C58 /* Frameworks */,
				EC2E52442DCB28DB00780C58 /* Resources */,
			);
			buildRules = (
			);
			dependencies = (
				EC2E52482DCB28DB00780C58 /* PBXTargetDependency */,
			);
			fileSystemSynchronizedGroups = (
				EC2E52492DCB28DB00780C58 /* SeeFood2UITests */,
			);
			name = SeeFood2UITests;
			packageProductDependencies = (
			);
			productName = SeeFood2UITests;
			productReference = EC2E52462DCB28DB00780C58 /* SeeFood2UITests.xctest */;
			productType = "com.apple.product-type.bundle.ui-testing";
		};
		EC2EFDBF2DD7393E00108E35 /* WidgetSeefood2Extension */ = {
			isa = PBXNativeTarget;
			buildConfigurationList = EC2EFDDB2DD7393F00108E35 /* Build configuration list for PBXNativeTarget "WidgetSeefood2Extension" */;
			buildPhases = (
				EC2EFDBC2DD7393E00108E35 /* Sources */,
				EC2EFDBD2DD7393E00108E35 /* Frameworks */,
				EC2EFDBE2DD7393E00108E35 /* Resources */,
			);
			buildRules = (
			);
			dependencies = (
			);
			fileSystemSynchronizedGroups = (
				EC2EFDC62DD7393E00108E35 /* WidgetSeefood2 */,
			);
			name = WidgetSeefood2Extension;
			packageProductDependencies = (
			);
			productName = WidgetSeefood2Extension;
			productReference = EC2EFDC02DD7393E00108E35 /* WidgetSeefood2Extension.appex */;
			productType = "com.apple.product-type.app-extension";
		};
/* End PBXNativeTarget section */

/* Begin PBXProject section */
		EC2E52242DCB28DA00780C58 /* Project object */ = {
			isa = PBXProject;
			attributes = {
				BuildIndependentTargetsInParallel = 1;
				LastSwiftUpdateCheck = 1620;
				LastUpgradeCheck = 1620;
				TargetAttributes = {
					EC2E522B2DCB28DA00780C58 = {
						CreatedOnToolsVersion = 16.2;
					};
					EC2E523B2DCB28DB00780C58 = {
						CreatedOnToolsVersion = 16.2;
						TestTargetID = EC2E522B2DCB28DA00780C58;
					};
					EC2E52452DCB28DB00780C58 = {
						CreatedOnToolsVersion = 16.2;
						TestTargetID = EC2E522B2DCB28DA00780C58;
					};
					EC2EFDBF2DD7393E00108E35 = {
						CreatedOnToolsVersion = 16.2;
					};
				};
			};
			buildConfigurationList = EC2E52272DCB28DA00780C58 /* Build configuration list for PBXProject "SeeFood2" */;
			developmentRegion = en;
			hasScannedForEncodings = 0;
			knownRegions = (
				en,
				Base,
			);
			mainGroup = EC2E52232DCB28DA00780C58;
			minimizedProjectReferenceProxies = 1;
			preferredProjectObjectVersion = 77;
			productRefGroup = EC2E522D2DCB28DA00780C58 /* Products */;
			projectDirPath = "";
			projectRoot = "";
			targets = (
				EC2E522B2DCB28DA00780C58 /* SeeFood2 */,
				EC2E523B2DCB28DB00780C58 /* SeeFood2Tests */,
				EC2E52452DCB28DB00780C58 /* SeeFood2UITests */,
				EC2EFDBF2DD7393E00108E35 /* WidgetSeefood2Extension */,
			);
		};
/* End PBXProject section */

/* Begin PBXResourcesBuildPhase section */
		EC2E522A2DCB28DA00780C58 /* Resources */ = {
			isa = PBXResourcesBuildPhase;
			buildActionMask = 2147483647;
			files = (
			);
			runOnlyForDeploymentPostprocessing = 0;
		};
		EC2E523A2DCB28DB00780C58 /* Resources */ = {
			isa = PBXResourcesBuildPhase;
			buildActionMask = 2147483647;
			files = (
			);
			runOnlyForDeploymentPostprocessing = 0;
		};
		EC2E52442DCB28DB00780C58 /* Resources */ = {
			isa = PBXResourcesBuildPhase;
			buildActionMask = 2147483647;
			files = (
			);
			runOnlyForDeploymentPostprocessing = 0;
		};
		EC2EFDBE2DD7393E00108E35 /* Resources */ = {
			isa = PBXResourcesBuildPhase;
			buildActionMask = 2147483647;
			files = (
			);
			runOnlyForDeploymentPostprocessing = 0;
		};
/* End PBXResourcesBuildPhase section */

/* Begin PBXSourcesBuildPhase section */
		EC2E52282DCB28DA00780C58 /* Sources */ = {
			isa = PBXSourcesBuildPhase;
			buildActionMask = 2147483647;
			files = (
			);
			runOnlyForDeploymentPostprocessing = 0;
		};
		EC2E52382DCB28DB00780C58 /* Sources */ = {
			isa = PBXSourcesBuildPhase;
			buildActionMask = 2147483647;
			files = (
			);
			runOnlyForDeploymentPostprocessing = 0;
		};
		EC2E52422DCB28DB00780C58 /* Sources */ = {
			isa = PBXSourcesBuildPhase;
			buildActionMask = 2147483647;
			files = (
			);
			runOnlyForDeploymentPostprocessing = 0;
		};
		EC2EFDBC2DD7393E00108E35 /* Sources */ = {
			isa = PBXSourcesBuildPhase;
			buildActionMask = 2147483647;
			files = (
			);
			runOnlyForDeploymentPostprocessing = 0;
		};
/* End PBXSourcesBuildPhase section */

/* Begin PBXTargetDependency section */
		EC2E523E2DCB28DB00780C58 /* PBXTargetDependency */ = {
			isa = PBXTargetDependency;
			target = EC2E522B2DCB28DA00780C58 /* SeeFood2 */;
			targetProxy = EC2E523D2DCB28DB00780C58 /* PBXContainerItemProxy */;
		};
		EC2E52482DCB28DB00780C58 /* PBXTargetDependency */ = {
			isa = PBXTargetDependency;
			target = EC2E522B2DCB28DA00780C58 /* SeeFood2 */;
			targetProxy = EC2E52472DCB28DB00780C58 /* PBXContainerItemProxy */;
		};
		EC2EFDD52DD7393F00108E35 /* PBXTargetDependency */ = {
			isa = PBXTargetDependency;
			target = EC2EFDBF2DD7393E00108E35 /* WidgetSeefood2Extension */;
			targetProxy = EC2EFDD42DD7393F00108E35 /* PBXContainerItemProxy */;
		};
/* End PBXTargetDependency section */

/* Begin XCBuildConfiguration section */
		EC2E524E2DCB28DB00780C58 /* Debug */ = {
			isa = XCBuildConfiguration;
			buildSettings = {
				ALWAYS_SEARCH_USER_PATHS = NO;
				ASSETCATALOG_COMPILER_GENERATE_SWIFT_ASSET_SYMBOL_EXTENSIONS = YES;
				CLANG_ANALYZER_NONNULL = YES;
				CLANG_ANALYZER_NUMBER_OBJECT_CONVERSION = YES_AGGRESSIVE;
				CLANG_CXX_LANGUAGE_STANDARD = "gnu++20";
				CLANG_ENABLE_MODULES = YES;
				CLANG_ENABLE_OBJC_ARC = YES;
				CLANG_ENABLE_OBJC_WEAK = YES;
				CLANG_WARN_BLOCK_CAPTURE_AUTORELEASING = YES;
				CLANG_WARN_BOOL_CONVERSION = YES;
				CLANG_WARN_COMMA = YES;
				CLANG_WARN_CONSTANT_CONVERSION = YES;
				CLANG_WARN_DEPRECATED_OBJC_IMPLEMENTATIONS = YES;
				CLANG_WARN_DIRECT_OBJC_ISA_USAGE = YES_ERROR;
				CLANG_WARN_DOCUMENTATION_COMMENTS = YES;
				CLANG_WARN_EMPTY_BODY = YES;
				CLANG_WARN_ENUM_CONVERSION = YES;
				CLANG_WARN_INFINITE_RECURSION = YES;
				CLANG_WARN_INT_CONVERSION = YES;
				CLANG_WARN_NON_LITERAL_NULL_CONVERSION = YES;
				CLANG_WARN_OBJC_IMPLICIT_RETAIN_SELF = YES;
				CLANG_WARN_OBJC_LITERAL_CONVERSION = YES;
				CLANG_WARN_OBJC_ROOT_CLASS = YES_ERROR;
				CLANG_WARN_QUOTED_INCLUDE_IN_FRAMEWORK_HEADER = YES;
				CLANG_WARN_RANGE_LOOP_ANALYSIS = YES;
				CLANG_WARN_STRICT_PROTOTYPES = YES;
				CLANG_WARN_SUSPICIOUS_MOVE = YES;
				CLANG_WARN_UNGUARDED_AVAILABILITY = YES_AGGRESSIVE;
				CLANG_WARN_UNREACHABLE_CODE = YES;
				CLANG_WARN__DUPLICATE_METHOD_MATCH = YES;
				COPY_PHASE_STRIP = NO;
				DEBUG_INFORMATION_FORMAT = dwarf;
				ENABLE_STRICT_OBJC_MSGSEND = YES;
				ENABLE_TESTABILITY = YES;
				ENABLE_USER_SCRIPT_SANDBOXING = YES;
				GCC_C_LANGUAGE_STANDARD = gnu17;
				GCC_DYNAMIC_NO_PIC = NO;
				GCC_NO_COMMON_BLOCKS = YES;
				GCC_OPTIMIZATION_LEVEL = 0;
				GCC_PREPROCESSOR_DEFINITIONS = (
					"DEBUG=1",
					"$(inherited)",
				);
				GCC_WARN_64_TO_32_BIT_CONVERSION = YES;
				GCC_WARN_ABOUT_RETURN_TYPE = YES_ERROR;
				GCC_WARN_UNDECLARED_SELECTOR = YES;
				GCC_WARN_UNINITIALIZED_AUTOS = YES_AGGRESSIVE;
				GCC_WARN_UNUSED_FUNCTION = YES;
				GCC_WARN_UNUSED_VARIABLE = YES;
				IPHONEOS_DEPLOYMENT_TARGET = 18.2;
				LOCALIZATION_PREFERS_STRING_CATALOGS = YES;
				MTL_ENABLE_DEBUG_INFO = INCLUDE_SOURCE;
				MTL_FAST_MATH = YES;
				ONLY_ACTIVE_ARCH = YES;
				SDKROOT = iphoneos;
				SWIFT_ACTIVE_COMPILATION_CONDITIONS = "DEBUG $(inherited)";
				SWIFT_OPTIMIZATION_LEVEL = "-Onone";
			};
			name = Debug;
		};
		EC2E524F2DCB28DB00780C58 /* Release */ = {
			isa = XCBuildConfiguration;
			buildSettings = {
				ALWAYS_SEARCH_USER_PATHS = NO;
				ASSETCATALOG_COMPILER_GENERATE_SWIFT_ASSET_SYMBOL_EXTENSIONS = YES;
				CLANG_ANALYZER_NONNULL = YES;
				CLANG_ANALYZER_NUMBER_OBJECT_CONVERSION = YES_AGGRESSIVE;
				CLANG_CXX_LANGUAGE_STANDARD = "gnu++20";
				CLANG_ENABLE_MODULES = YES;
				CLANG_ENABLE_OBJC_ARC = YES;
				CLANG_ENABLE_OBJC_WEAK = YES;
				CLANG_WARN_BLOCK_CAPTURE_AUTORELEASING = YES;
				CLANG_WARN_BOOL_CONVERSION = YES;
				CLANG_WARN_COMMA = YES;
				CLANG_WARN_CONSTANT_CONVERSION = YES;
				CLANG_WARN_DEPRECATED_OBJC_IMPLEMENTATIONS = YES;
				CLANG_WARN_DIRECT_OBJC_ISA_USAGE = YES_ERROR;
				CLANG_WARN_DOCUMENTATION_COMMENTS = YES;
				CLANG_WARN_EMPTY_BODY = YES;
				CLANG_WARN_ENUM_CONVERSION = YES;
				CLANG_WARN_INFINITE_RECURSION = YES;
				CLANG_WARN_INT_CONVERSION = YES;
				CLANG_WARN_NON_LITERAL_NULL_CONVERSION = YES;
				CLANG_WARN_OBJC_IMPLICIT_RETAIN_SELF = YES;
				CLANG_WARN_OBJC_LITERAL_CONVERSION = YES;
				CLANG_WARN_OBJC_ROOT_CLASS = YES_ERROR;
				CLANG_WARN_QUOTED_INCLUDE_IN_FRAMEWORK_HEADER = YES;
				CLANG_WARN_RANGE_LOOP_ANALYSIS = YES;
				CLANG_WARN_STRICT_PROTOTYPES = YES;
				CLANG_WARN_SUSPICIOUS_MOVE = YES;
				CLANG_WARN_UNGUARDED_AVAILABILITY = YES_AGGRESSIVE;
				CLANG_WARN_UNREACHABLE_CODE = YES;
				CLANG_WARN__DUPLICATE_METHOD_MATCH = YES;
				COPY_PHASE_STRIP = NO;
				DEBUG_INFORMATION_FORMAT = "dwarf-with-dsym";
				ENABLE_NS_ASSERTIONS = NO;
				ENABLE_STRICT_OBJC_MSGSEND = YES;
				ENABLE_USER_SCRIPT_SANDBOXING = YES;
				GCC_C_LANGUAGE_STANDARD = gnu17;
				GCC_NO_COMMON_BLOCKS = YES;
				GCC_WARN_64_TO_32_BIT_CONVERSION = YES;
				GCC_WARN_ABOUT_RETURN_TYPE = YES_ERROR;
				GCC_WARN_UNDECLARED_SELECTOR = YES;
				GCC_WARN_UNINITIALIZED_AUTOS = YES_AGGRESSIVE;
				GCC_WARN_UNUSED_FUNCTION = YES;
				GCC_WARN_UNUSED_VARIABLE = YES;
				IPHONEOS_DEPLOYMENT_TARGET = 18.2;
				LOCALIZATION_PREFERS_STRING_CATALOGS = YES;
				MTL_ENABLE_DEBUG_INFO = NO;
				MTL_FAST_MATH = YES;
				SDKROOT = iphoneos;
				SWIFT_COMPILATION_MODE = wholemodule;
				VALIDATE_PRODUCT = YES;
			};
			name = Release;
		};
		EC2E52512DCB28DB00780C58 /* Debug */ = {
			isa = XCBuildConfiguration;
			buildSettings = {
				ASSETCATALOG_COMPILER_APPICON_NAME = AppIcon;
				ASSETCATALOG_COMPILER_GLOBAL_ACCENT_COLOR_NAME = AccentColor;
				CODE_SIGN_STYLE = Automatic;
				CURRENT_PROJECT_VERSION = 1;
				DEVELOPMENT_ASSET_PATHS = "\"SeeFood2/Preview Content\"";
				DEVELOPMENT_TEAM = 9JVSZ45Z2V;
				ENABLE_PREVIEWS = YES;
				GENERATE_INFOPLIST_FILE = YES;
				INFOPLIST_KEY_UIApplicationSceneManifest_Generation = YES;
				INFOPLIST_KEY_UIApplicationSupportsIndirectInputEvents = YES;
				INFOPLIST_KEY_UILaunchScreen_Generation = YES;
				INFOPLIST_KEY_UISupportedInterfaceOrientations_iPad = "UIInterfaceOrientationPortrait UIInterfaceOrientationPortraitUpsideDown UIInterfaceOrientationLandscapeLeft UIInterfaceOrientationLandscapeRight";
				INFOPLIST_KEY_UISupportedInterfaceOrientations_iPhone = "UIInterfaceOrientationPortrait UIInterfaceOrientationLandscapeLeft UIInterfaceOrientationLandscapeRight";
				LD_RUNPATH_SEARCH_PATHS = (
					"$(inherited)",
					"@executable_path/Frameworks",
				);
				MARKETING_VERSION = 1.0;
				PRODUCT_BUNDLE_IDENTIFIER = "com.core-challenge.SeeFood2";
				PRODUCT_NAME = "$(TARGET_NAME)";
				SWIFT_EMIT_LOC_STRINGS = YES;
				SWIFT_VERSION = 5.0;
				TARGETED_DEVICE_FAMILY = "1,2";
			};
			name = Debug;
		};
		EC2E52522DCB28DB00780C58 /* Release */ = {
			isa = XCBuildConfiguration;
			buildSettings = {
				ASSETCATALOG_COMPILER_APPICON_NAME = AppIcon;
				ASSETCATALOG_COMPILER_GLOBAL_ACCENT_COLOR_NAME = AccentColor;
				CODE_SIGN_STYLE = Automatic;
				CURRENT_PROJECT_VERSION = 1;
				DEVELOPMENT_ASSET_PATHS = "\"SeeFood2/Preview Content\"";
				DEVELOPMENT_TEAM = 9JVSZ45Z2V;
				ENABLE_PREVIEWS = YES;
				GENERATE_INFOPLIST_FILE = YES;
				INFOPLIST_KEY_UIApplicationSceneManifest_Generation = YES;
				INFOPLIST_KEY_UIApplicationSupportsIndirectInputEvents = YES;
				INFOPLIST_KEY_UILaunchScreen_Generation = YES;
				INFOPLIST_KEY_UISupportedInterfaceOrientations_iPad = "UIInterfaceOrientationPortrait UIInterfaceOrientationPortraitUpsideDown UIInterfaceOrientationLandscapeLeft UIInterfaceOrientationLandscapeRight";
				INFOPLIST_KEY_UISupportedInterfaceOrientations_iPhone = "UIInterfaceOrientationPortrait UIInterfaceOrientationLandscapeLeft UIInterfaceOrientationLandscapeRight";
				LD_RUNPATH_SEARCH_PATHS = (
					"$(inherited)",
					"@executable_path/Frameworks",
				);
				MARKETING_VERSION = 1.0;
				PRODUCT_BUNDLE_IDENTIFIER = "com.core-challenge.SeeFood2";
				PRODUCT_NAME = "$(TARGET_NAME)";
				SWIFT_EMIT_LOC_STRINGS = YES;
				SWIFT_VERSION = 5.0;
				TARGETED_DEVICE_FAMILY = "1,2";
			};
			name = Release;
		};
		EC2E52542DCB28DB00780C58 /* Debug */ = {
			isa = XCBuildConfiguration;
			buildSettings = {
				BUNDLE_LOADER = "$(TEST_HOST)";
				CODE_SIGN_STYLE = Automatic;
				CURRENT_PROJECT_VERSION = 1;
				DEVELOPMENT_TEAM = 9JVSZ45Z2V;
				GENERATE_INFOPLIST_FILE = YES;
				IPHONEOS_DEPLOYMENT_TARGET = 18.2;
				MARKETING_VERSION = 1.0;
				PRODUCT_BUNDLE_IDENTIFIER = "com.core-challenge.SeeFood2Tests";
				PRODUCT_NAME = "$(TARGET_NAME)";
				SWIFT_EMIT_LOC_STRINGS = NO;
				SWIFT_VERSION = 5.0;
				TARGETED_DEVICE_FAMILY = "1,2";
				TEST_HOST = "$(BUILT_PRODUCTS_DIR)/SeeFood2.app/$(BUNDLE_EXECUTABLE_FOLDER_PATH)/SeeFood2";
			};
			name = Debug;
		};
		EC2E52552DCB28DB00780C58 /* Release */ = {
			isa = XCBuildConfiguration;
			buildSettings = {
				BUNDLE_LOADER = "$(TEST_HOST)";
				CODE_SIGN_STYLE = Automatic;
				CURRENT_PROJECT_VERSION = 1;
				DEVELOPMENT_TEAM = 9JVSZ45Z2V;
				GENERATE_INFOPLIST_FILE = YES;
				IPHONEOS_DEPLOYMENT_TARGET = 18.2;
				MARKETING_VERSION = 1.0;
				PRODUCT_BUNDLE_IDENTIFIER = "com.core-challenge.SeeFood2Tests";
				PRODUCT_NAME = "$(TARGET_NAME)";
				SWIFT_EMIT_LOC_STRINGS = NO;
				SWIFT_VERSION = 5.0;
				TARGETED_DEVICE_FAMILY = "1,2";
				TEST_HOST = "$(BUILT_PRODUCTS_DIR)/SeeFood2.app/$(BUNDLE_EXECUTABLE_FOLDER_PATH)/SeeFood2";
			};
			name = Release;
		};
		EC2E52572DCB28DB00780C58 /* Debug */ = {
			isa = XCBuildConfiguration;
			buildSettings = {
				CODE_SIGN_STYLE = Automatic;
				CURRENT_PROJECT_VERSION = 1;
				DEVELOPMENT_TEAM = 9JVSZ45Z2V;
				GENERATE_INFOPLIST_FILE = YES;
				MARKETING_VERSION = 1.0;
				PRODUCT_BUNDLE_IDENTIFIER = "com.core-challenge.SeeFood2UITests";
				PRODUCT_NAME = "$(TARGET_NAME)";
				SWIFT_EMIT_LOC_STRINGS = NO;
				SWIFT_VERSION = 5.0;
				TARGETED_DEVICE_FAMILY = "1,2";
				TEST_TARGET_NAME = SeeFood2;
			};
			name = Debug;
		};
		EC2E52582DCB28DB00780C58 /* Release */ = {
			isa = XCBuildConfiguration;
			buildSettings = {
				CODE_SIGN_STYLE = Automatic;
				CURRENT_PROJECT_VERSION = 1;
				DEVELOPMENT_TEAM = 9JVSZ45Z2V;
				GENERATE_INFOPLIST_FILE = YES;
				MARKETING_VERSION = 1.0;
				PRODUCT_BUNDLE_IDENTIFIER = "com.core-challenge.SeeFood2UITests";
				PRODUCT_NAME = "$(TARGET_NAME)";
				SWIFT_EMIT_LOC_STRINGS = NO;
				SWIFT_VERSION = 5.0;
				TARGETED_DEVICE_FAMILY = "1,2";
				TEST_TARGET_NAME = SeeFood2;
			};
			name = Release;
		};
		EC2EFDD82DD7393F00108E35 /* Debug */ = {
			isa = XCBuildConfiguration;
			buildSettings = {
				ASSETCATALOG_COMPILER_GLOBAL_ACCENT_COLOR_NAME = AccentColor;
				ASSETCATALOG_COMPILER_WIDGET_BACKGROUND_COLOR_NAME = WidgetBackground;
				CODE_SIGN_STYLE = Automatic;
				CURRENT_PROJECT_VERSION = 1;
				DEVELOPMENT_TEAM = 9JVSZ45Z2V;
				GENERATE_INFOPLIST_FILE = YES;
				INFOPLIST_FILE = WidgetSeefood2/Info.plist;
				INFOPLIST_KEY_CFBundleDisplayName = WidgetSeefood2;
				INFOPLIST_KEY_NSHumanReadableCopyright = "";
				LD_RUNPATH_SEARCH_PATHS = (
					"$(inherited)",
					"@executable_path/Frameworks",
					"@executable_path/../../Frameworks",
				);
				MARKETING_VERSION = 1.0;
				PRODUCT_BUNDLE_IDENTIFIER = "com.core-challenge.SeeFood2.WidgetSeefood2";
				PRODUCT_NAME = "$(TARGET_NAME)";
				SKIP_INSTALL = YES;
				SWIFT_EMIT_LOC_STRINGS = YES;
				SWIFT_VERSION = 5.0;
				TARGETED_DEVICE_FAMILY = "1,2";
			};
			name = Debug;
		};
		EC2EFDD92DD7393F00108E35 /* Release */ = {
			isa = XCBuildConfiguration;
			buildSettings = {
				ASSETCATALOG_COMPILER_GLOBAL_ACCENT_COLOR_NAME = AccentColor;
				ASSETCATALOG_COMPILER_WIDGET_BACKGROUND_COLOR_NAME = WidgetBackground;
				CODE_SIGN_STYLE = Automatic;
				CURRENT_PROJECT_VERSION = 1;
				DEVELOPMENT_TEAM = 9JVSZ45Z2V;
				GENERATE_INFOPLIST_FILE = YES;
				INFOPLIST_FILE = WidgetSeefood2/Info.plist;
				INFOPLIST_KEY_CFBundleDisplayName = WidgetSeefood2;
				INFOPLIST_KEY_NSHumanReadableCopyright = "";
				LD_RUNPATH_SEARCH_PATHS = (
					"$(inherited)",
					"@executable_path/Frameworks",
					"@executable_path/../../Frameworks",
				);
				MARKETING_VERSION = 1.0;
				PRODUCT_BUNDLE_IDENTIFIER = "com.core-challenge.SeeFood2.WidgetSeefood2";
				PRODUCT_NAME = "$(TARGET_NAME)";
				SKIP_INSTALL = YES;
				SWIFT_EMIT_LOC_STRINGS = YES;
				SWIFT_VERSION = 5.0;
				TARGETED_DEVICE_FAMILY = "1,2";
			};
			name = Release;
		};
/* End XCBuildConfiguration section */

/* Begin XCConfigurationList section */
		EC2E52272DCB28DA00780C58 /* Build configuration list for PBXProject "SeeFood2" */ = {
			isa = XCConfigurationList;
			buildConfigurations = (
				EC2E524E2DCB28DB00780C58 /* Debug */,
				EC2E524F2DCB28DB00780C58 /* Release */,
			);
			defaultConfigurationIsVisible = 0;
			defaultConfigurationName = Release;
		};
		EC2E52502DCB28DB00780C58 /* Build configuration list for PBXNativeTarget "SeeFood2" */ = {
			isa = XCConfigurationList;
			buildConfigurations = (
				EC2E52512DCB28DB00780C58 /* Debug */,
				EC2E52522DCB28DB00780C58 /* Release */,
			);
			defaultConfigurationIsVisible = 0;
			defaultConfigurationName = Release;
		};
		EC2E52532DCB28DB00780C58 /* Build configuration list for PBXNativeTarget "SeeFood2Tests" */ = {
			isa = XCConfigurationList;
			buildConfigurations = (
				EC2E52542DCB28DB00780C58 /* Debug */,
				EC2E52552DCB28DB00780C58 /* Release */,
			);
			defaultConfigurationIsVisible = 0;
			defaultConfigurationName = Release;
		};
		EC2E52562DCB28DB00780C58 /* Build configuration list for PBXNativeTarget "SeeFood2UITests" */ = {
			isa = XCConfigurationList;
			buildConfigurations = (
				EC2E52572DCB28DB00780C58 /* Debug */,
				EC2E52582DCB28DB00780C58 /* Release */,
			);
			defaultConfigurationIsVisible = 0;
			defaultConfigurationName = Release;
		};
		EC2EFDDB2DD7393F00108E35 /* Build configuration list for PBXNativeTarget "WidgetSeefood2Extension" */ = {
			isa = XCConfigurationList;
			buildConfigurations = (
				EC2EFDD82DD7393F00108E35 /* Debug */,
				EC2EFDD92DD7393F00108E35 /* Release */,
			);
			defaultConfigurationIsVisible = 0;
			defaultConfigurationName = Release;
		};
/* End XCConfigurationList section */
	};
	rootObject = EC2E52242DCB28DA00780C58 /* Project object */;
}
